
Microsoft Visual Studio Solution File, Format Version 12.00
# Visual Studio 14
VisualStudioVersion = 14.0.25123.0
MinimumVisualStudioVersion = 10.0.40219.1
Project("{FAE04EC0-301F-11D3-BF4B-00C04F79EFBC}") = "ASPEx_2", "ASPEx_2\ASPEx_2.csproj", "{F92CC035-D0C5-4AA5-A8BE-DCB03FD459F7}"
EndProject
Project("{FAE04EC0-301F-11D3-BF4B-00C04F79EFBC}") = "ASPEx_2.Table", "ASPEx_2.Table\ASPEx_2.Table.csproj", "{61565879-75D8-4B83-B9FA-8E1F816A62DF}"
EndProject
Project("{FAE04EC0-301F-11D3-BF4B-00C04F79EFBC}") = "ASPEx_2.Sql", "ASPEx_2.Sql\ASPEx_2.Sql.csproj", "{4E4FD862-9E35-4F50-84F1-64A8A82C37C3}"
EndProject
Global
	GlobalSection(SolutionConfigurationPlatforms) = preSolution
		Debug|Any CPU = Debug|Any CPU
		Release|Any CPU = Release|Any CPU
	EndGlobalSection
	GlobalSection(ProjectConfigurationPlatforms) = postSolution
		{F92CC035-D0C5-4AA5-A8BE-DCB03FD459F7}.Debug|Any CPU.ActiveCfg = Debug|Any CPU
		{F92CC035-D0C5-4AA5-A8BE-DCB03FD459F7}.Debug|Any CPU.Build.0 = Debug|Any CPU
		{F92CC035-D0C5-4AA5-A8BE-DCB03FD459F7}.Release|Any CPU.ActiveCfg = Release|Any CPU
		{F92CC035-D0C5-4AA5-A8BE-DCB03FD459F7}.Release|Any CPU.Build.0 = Release|Any CPU
		{61565879-75D8-4B83-B9FA-8E1F816A62DF}.Debug|Any CPU.ActiveCfg = Debug|Any CPU
		{61565879-75D8-4B83-B9FA-8E1F816A62DF}.Debug|Any CPU.Build.0 = Debug|Any CPU
		{61565879-75D8-4B83-B9FA-8E1F816A62DF}.Release|Any CPU.ActiveCfg = Release|Any CPU
		{61565879-75D8-4B83-B9FA-8E1F816A62DF}.Release|Any CPU.Build.0 = Release|Any CPU
		{4E4FD862-9E35-4F50-84F1-64A8A82C37C3}.Debug|Any CPU.ActiveCfg = Debug|Any CPU
		{4E4FD862-9E35-4F50-84F1-64A8A82C37C3}.Debug|Any CPU.Build.0 = Debug|Any CPU
		{4E4FD862-9E35-4F50-84F1-64A8A82C37C3}.Release|Any CPU.ActiveCfg = Release|Any CPU
		{4E4FD862-9E35-4F50-84F1-64A8A82C37C3}.Release|Any CPU.Build.0 = Release|Any CPU
	EndGlobalSection
	GlobalSection(SolutionProperties) = preSolution
		HideSolutionNode = FALSE
	EndGlobalSection
EndGlobal
